// !$*UTF8*$!
{
	archiveVersion = 1;
	classes = {
	};
	objectVersion = 56;
	objects = {

/* Begin PBXBuildFile section */
		031E350929F351C0007B49C4 /* Actions.yaml in Resources */ = {isa = PBXBuildFile; fileRef = 031E350829F351C0007B49C4 /* Actions.yaml */; };
		031E350B29F4AA94007B49C4 /* MeshResource.swift in Sources */ = {isa = PBXBuildFile; fileRef = 031E350A29F4AA94007B49C4 /* MeshResource.swift */; };
		031E350D29F4AAA0007B49C4 /* Resources.yaml in Resources */ = {isa = PBXBuildFile; fileRef = 031E350C29F4AAA0007B49C4 /* Resources.yaml */; };
		031E350F29F4AE40007B49C4 /* MeshAction.swift in Sources */ = {isa = PBXBuildFile; fileRef = 031E350E29F4AE40007B49C4 /* MeshAction.swift */; };
		033AE48529EF6AE600A45B57 /* MeshSpacer.swift in Sources */ = {isa = PBXBuildFile; fileRef = 033AE48429EF6AE600A45B57 /* MeshSpacer.swift */; };
		033AE48A29EF6F0700A45B57 /* AppState.swift in Sources */ = {isa = PBXBuildFile; fileRef = 033AE48929EF6F0700A45B57 /* AppState.swift */; };
		033AE48C29F05DEF00A45B57 /* MeshButton.swift in Sources */ = {isa = PBXBuildFile; fileRef = 033AE48B29F05DEF00A45B57 /* MeshButton.swift */; };
		033AE48E29F0B77F00A45B57 /* MeshSheet.swift in Sources */ = {isa = PBXBuildFile; fileRef = 033AE48D29F0B77F00A45B57 /* MeshSheet.swift */; };
		035C38E329EE2B9C0035EC9A /* Views.yaml in Resources */ = {isa = PBXBuildFile; fileRef = 035C38E229EE2B9C0035EC9A /* Views.yaml */; };
		035C38E629EE2C210035EC9A /* Yams in Frameworks */ = {isa = PBXBuildFile; productRef = 035C38E529EE2C210035EC9A /* Yams */; };
		035C38EB29EF32890035EC9A /* MeshHStack.swift in Sources */ = {isa = PBXBuildFile; fileRef = 035C38EA29EF32890035EC9A /* MeshHStack.swift */; };
		035C38ED29EF32910035EC9A /* MeshVStack.swift in Sources */ = {isa = PBXBuildFile; fileRef = 035C38EC29EF32910035EC9A /* MeshVStack.swift */; };
		035C38EF29EF32A00035EC9A /* MeshScreen.swift in Sources */ = {isa = PBXBuildFile; fileRef = 035C38EE29EF32A00035EC9A /* MeshScreen.swift */; };
		035C38F129EF33060035EC9A /* Parser.swift in Sources */ = {isa = PBXBuildFile; fileRef = 035C38F029EF33060035EC9A /* Parser.swift */; };
		035C38F429EF333A0035EC9A /* MeshViewRegistry.swift in Sources */ = {isa = PBXBuildFile; fileRef = 035C38F329EF333A0035EC9A /* MeshViewRegistry.swift */; };
		035C38F629EF33B60035EC9A /* MeshZStack.swift in Sources */ = {isa = PBXBuildFile; fileRef = 035C38F529EF33B60035EC9A /* MeshZStack.swift */; };
		035C38F829EF33DF0035EC9A /* MeshText.swift in Sources */ = {isa = PBXBuildFile; fileRef = 035C38F729EF33DF0035EC9A /* MeshText.swift */; };
		0368CBD629F20F8D00150929 /* StateItem.swift in Sources */ = {isa = PBXBuildFile; fileRef = 0368CBD529F20F8D00150929 /* StateItem.swift */; };
		0368CBD829F2495A00150929 /* Presenter.swift in Sources */ = {isa = PBXBuildFile; fileRef = 0368CBD729F2495A00150929 /* Presenter.swift */; };
		0368CBDA29F24A2700150929 /* ScreenState.swift in Sources */ = {isa = PBXBuildFile; fileRef = 0368CBD929F24A2700150929 /* ScreenState.swift */; };
		039788F129F1B9E900E67E19 /* MeshTabView.swift in Sources */ = {isa = PBXBuildFile; fileRef = 039788F029F1B9E900E67E19 /* MeshTabView.swift */; };
		039788F329F1C96A00E67E19 /* MeshView.swift in Sources */ = {isa = PBXBuildFile; fileRef = 039788F229F1C96A00E67E19 /* MeshView.swift */; };
		039788F629F1C9B900E67E19 /* Yams+Utilities.swift in Sources */ = {isa = PBXBuildFile; fileRef = 039788F529F1C9B900E67E19 /* Yams+Utilities.swift */; };
		039788F829F1C9C100E67E19 /* SwiftUI+Utilities.swift in Sources */ = {isa = PBXBuildFile; fileRef = 039788F729F1C9C100E67E19 /* SwiftUI+Utilities.swift */; };
		039788FA29F1CA2E00E67E19 /* MeshNavigationStack.swift in Sources */ = {isa = PBXBuildFile; fileRef = 039788F929F1CA2E00E67E19 /* MeshNavigationStack.swift */; };
		039788FC29F1DD5A00E67E19 /* MeshField.swift in Sources */ = {isa = PBXBuildFile; fileRef = 039788FB29F1DD5A00E67E19 /* MeshField.swift */; };
		039788FE29F1DD7400E67E19 /* MeshImage.swift in Sources */ = {isa = PBXBuildFile; fileRef = 039788FD29F1DD7400E67E19 /* MeshImage.swift */; };
		03FEA5B329CE501800D6A75D /* MeshApp.swift in Sources */ = {isa = PBXBuildFile; fileRef = 03FEA5B229CE501800D6A75D /* MeshApp.swift */; };
		03FEA5B729CE501900D6A75D /* Assets.xcassets in Resources */ = {isa = PBXBuildFile; fileRef = 03FEA5B629CE501900D6A75D /* Assets.xcassets */; };
		03FEA5C429CE501900D6A75D /* MeshAppTests.swift in Sources */ = {isa = PBXBuildFile; fileRef = 03FEA5C329CE501900D6A75D /* MeshAppTests.swift */; };
		03FEA5CE29CE501900D6A75D /* MeshAppUITests.swift in Sources */ = {isa = PBXBuildFile; fileRef = 03FEA5CD29CE501900D6A75D /* MeshAppUITests.swift */; };
		03FEA5D029CE501900D6A75D /* MeshAppUITestsLaunchTests.swift in Sources */ = {isa = PBXBuildFile; fileRef = 03FEA5CF29CE501900D6A75D /* MeshAppUITestsLaunchTests.swift */; };
/* End PBXBuildFile section */

/* Begin PBXContainerItemProxy section */
		03FEA5C029CE501900D6A75D /* PBXContainerItemProxy */ = {
			isa = PBXContainerItemProxy;
			containerPortal = 03FEA5A729CE501800D6A75D /* Project object */;
			proxyType = 1;
			remoteGlobalIDString = 03FEA5AE29CE501800D6A75D;
			remoteInfo = MeshApp;
		};
		03FEA5CA29CE501900D6A75D /* PBXContainerItemProxy */ = {
			isa = PBXContainerItemProxy;
			containerPortal = 03FEA5A729CE501800D6A75D /* Project object */;
			proxyType = 1;
			remoteGlobalIDString = 03FEA5AE29CE501800D6A75D;
			remoteInfo = MeshApp;
		};
/* End PBXContainerItemProxy section */

/* Begin PBXFileReference section */
		031E350829F351C0007B49C4 /* Actions.yaml */ = {isa = PBXFileReference; lastKnownFileType = text.yaml; path = Actions.yaml; sourceTree = "<group>"; };
		031E350A29F4AA94007B49C4 /* MeshResource.swift */ = {isa = PBXFileReference; lastKnownFileType = sourcecode.swift; path = MeshResource.swift; sourceTree = "<group>"; };
		031E350C29F4AAA0007B49C4 /* Resources.yaml */ = {isa = PBXFileReference; lastKnownFileType = text.yaml; path = Resources.yaml; sourceTree = "<group>"; };
		031E350E29F4AE40007B49C4 /* MeshAction.swift */ = {isa = PBXFileReference; lastKnownFileType = sourcecode.swift; path = MeshAction.swift; sourceTree = "<group>"; };
		033AE48429EF6AE600A45B57 /* MeshSpacer.swift */ = {isa = PBXFileReference; lastKnownFileType = sourcecode.swift; path = MeshSpacer.swift; sourceTree = "<group>"; };
		033AE48929EF6F0700A45B57 /* AppState.swift */ = {isa = PBXFileReference; lastKnownFileType = sourcecode.swift; path = AppState.swift; sourceTree = "<group>"; };
		033AE48B29F05DEF00A45B57 /* MeshButton.swift */ = {isa = PBXFileReference; lastKnownFileType = sourcecode.swift; path = MeshButton.swift; sourceTree = "<group>"; };
		033AE48D29F0B77F00A45B57 /* MeshSheet.swift */ = {isa = PBXFileReference; lastKnownFileType = sourcecode.swift; path = MeshSheet.swift; sourceTree = "<group>"; };
		035C38E229EE2B9C0035EC9A /* Views.yaml */ = {isa = PBXFileReference; lastKnownFileType = text.yaml; path = Views.yaml; sourceTree = "<group>"; };
		035C38EA29EF32890035EC9A /* MeshHStack.swift */ = {isa = PBXFileReference; lastKnownFileType = sourcecode.swift; path = MeshHStack.swift; sourceTree = "<group>"; };
		035C38EC29EF32910035EC9A /* MeshVStack.swift */ = {isa = PBXFileReference; lastKnownFileType = sourcecode.swift; path = MeshVStack.swift; sourceTree = "<group>"; };
		035C38EE29EF32A00035EC9A /* MeshScreen.swift */ = {isa = PBXFileReference; lastKnownFileType = sourcecode.swift; path = MeshScreen.swift; sourceTree = "<group>"; };
		035C38F029EF33060035EC9A /* Parser.swift */ = {isa = PBXFileReference; lastKnownFileType = sourcecode.swift; path = Parser.swift; sourceTree = "<group>"; };
		035C38F329EF333A0035EC9A /* MeshViewRegistry.swift */ = {isa = PBXFileReference; lastKnownFileType = sourcecode.swift; path = MeshViewRegistry.swift; sourceTree = "<group>"; };
		035C38F529EF33B60035EC9A /* MeshZStack.swift */ = {isa = PBXFileReference; lastKnownFileType = sourcecode.swift; path = MeshZStack.swift; sourceTree = "<group>"; };
		035C38F729EF33DF0035EC9A /* MeshText.swift */ = {isa = PBXFileReference; lastKnownFileType = sourcecode.swift; path = MeshText.swift; sourceTree = "<group>"; };
		0368CBD529F20F8D00150929 /* StateItem.swift */ = {isa = PBXFileReference; lastKnownFileType = sourcecode.swift; path = StateItem.swift; sourceTree = "<group>"; };
		0368CBD729F2495A00150929 /* Presenter.swift */ = {isa = PBXFileReference; lastKnownFileType = sourcecode.swift; path = Presenter.swift; sourceTree = "<group>"; };
		0368CBD929F24A2700150929 /* ScreenState.swift */ = {isa = PBXFileReference; lastKnownFileType = sourcecode.swift; path = ScreenState.swift; sourceTree = "<group>"; };
		039788F029F1B9E900E67E19 /* MeshTabView.swift */ = {isa = PBXFileReference; lastKnownFileType = sourcecode.swift; path = MeshTabView.swift; sourceTree = "<group>"; };
		039788F229F1C96A00E67E19 /* MeshView.swift */ = {isa = PBXFileReference; lastKnownFileType = sourcecode.swift; path = MeshView.swift; sourceTree = "<group>"; };
		039788F529F1C9B900E67E19 /* Yams+Utilities.swift */ = {isa = PBXFileReference; lastKnownFileType = sourcecode.swift; path = "Yams+Utilities.swift"; sourceTree = "<group>"; };
		039788F729F1C9C100E67E19 /* SwiftUI+Utilities.swift */ = {isa = PBXFileReference; lastKnownFileType = sourcecode.swift; path = "SwiftUI+Utilities.swift"; sourceTree = "<group>"; };
		039788F929F1CA2E00E67E19 /* MeshNavigationStack.swift */ = {isa = PBXFileReference; lastKnownFileType = sourcecode.swift; path = MeshNavigationStack.swift; sourceTree = "<group>"; };
		039788FB29F1DD5A00E67E19 /* MeshField.swift */ = {isa = PBXFileReference; lastKnownFileType = sourcecode.swift; path = MeshField.swift; sourceTree = "<group>"; };
		039788FD29F1DD7400E67E19 /* MeshImage.swift */ = {isa = PBXFileReference; lastKnownFileType = sourcecode.swift; path = MeshImage.swift; sourceTree = "<group>"; };
		03FEA5AF29CE501800D6A75D /* MeshApp.app */ = {isa = PBXFileReference; explicitFileType = wrapper.application; includeInIndex = 0; path = MeshApp.app; sourceTree = BUILT_PRODUCTS_DIR; };
		03FEA5B229CE501800D6A75D /* MeshApp.swift */ = {isa = PBXFileReference; lastKnownFileType = sourcecode.swift; path = MeshApp.swift; sourceTree = "<group>"; };
		03FEA5B629CE501900D6A75D /* Assets.xcassets */ = {isa = PBXFileReference; lastKnownFileType = folder.assetcatalog; path = Assets.xcassets; sourceTree = "<group>"; };
		03FEA5BF29CE501900D6A75D /* MeshAppTests.xctest */ = {isa = PBXFileReference; explicitFileType = wrapper.cfbundle; includeInIndex = 0; path = MeshAppTests.xctest; sourceTree = BUILT_PRODUCTS_DIR; };
		03FEA5C329CE501900D6A75D /* MeshAppTests.swift */ = {isa = PBXFileReference; lastKnownFileType = sourcecode.swift; path = MeshAppTests.swift; sourceTree = "<group>"; };
		03FEA5C929CE501900D6A75D /* MeshAppUITests.xctest */ = {isa = PBXFileReference; explicitFileType = wrapper.cfbundle; includeInIndex = 0; path = MeshAppUITests.xctest; sourceTree = BUILT_PRODUCTS_DIR; };
		03FEA5CD29CE501900D6A75D /* MeshAppUITests.swift */ = {isa = PBXFileReference; lastKnownFileType = sourcecode.swift; path = MeshAppUITests.swift; sourceTree = "<group>"; };
		03FEA5CF29CE501900D6A75D /* MeshAppUITestsLaunchTests.swift */ = {isa = PBXFileReference; lastKnownFileType = sourcecode.swift; path = MeshAppUITestsLaunchTests.swift; sourceTree = "<group>"; };
/* End PBXFileReference section */

/* Begin PBXFrameworksBuildPhase section */
		03FEA5AC29CE501800D6A75D /* Frameworks */ = {
			isa = PBXFrameworksBuildPhase;
			buildActionMask = 2147483647;
			files = (
				035C38E629EE2C210035EC9A /* Yams in Frameworks */,
			);
			runOnlyForDeploymentPostprocessing = 0;
		};
		03FEA5BC29CE501900D6A75D /* Frameworks */ = {
			isa = PBXFrameworksBuildPhase;
			buildActionMask = 2147483647;
			files = (
			);
			runOnlyForDeploymentPostprocessing = 0;
		};
		03FEA5C629CE501900D6A75D /* Frameworks */ = {
			isa = PBXFrameworksBuildPhase;
			buildActionMask = 2147483647;
			files = (
			);
			runOnlyForDeploymentPostprocessing = 0;
		};
/* End PBXFrameworksBuildPhase section */

/* Begin PBXGroup section */
		031E350529F34DA7007B49C4 /* SampleData */ = {
			isa = PBXGroup;
			children = (
				031E350829F351C0007B49C4 /* Actions.yaml */,
				035C38E229EE2B9C0035EC9A /* Views.yaml */,
				031E350C29F4AAA0007B49C4 /* Resources.yaml */,
			);
			path = SampleData;
			sourceTree = "<group>";
		};
		033AE48129EF4D2300A45B57 /* Mesh */ = {
			isa = PBXGroup;
			children = (
				035C38F229EF330B0035EC9A /* Parsing */,
				039788FF29F2080700E67E19 /* State */,
				035C38E929EF327D0035EC9A /* UI */,
				039788F429F1C9AD00E67E19 /* Utilities */,
			);
			path = Mesh;
			sourceTree = "<group>";
		};
		035C38E929EF327D0035EC9A /* UI */ = {
			isa = PBXGroup;
			children = (
				0397890029F2082F00E67E19 /* Views */,
				035C38EE29EF32A00035EC9A /* MeshScreen.swift */,
				039788F229F1C96A00E67E19 /* MeshView.swift */,
			);
			path = UI;
			sourceTree = "<group>";
		};
		035C38F229EF330B0035EC9A /* Parsing */ = {
			isa = PBXGroup;
			children = (
				035C38F029EF33060035EC9A /* Parser.swift */,
				035C38F329EF333A0035EC9A /* MeshViewRegistry.swift */,
			);
			path = Parsing;
			sourceTree = "<group>";
		};
		039788F429F1C9AD00E67E19 /* Utilities */ = {
			isa = PBXGroup;
			children = (
				039788F729F1C9C100E67E19 /* SwiftUI+Utilities.swift */,
				039788F529F1C9B900E67E19 /* Yams+Utilities.swift */,
			);
			path = Utilities;
			sourceTree = "<group>";
		};
		039788FF29F2080700E67E19 /* State */ = {
			isa = PBXGroup;
			children = (
				0368CBD529F20F8D00150929 /* StateItem.swift */,
				0368CBD729F2495A00150929 /* Presenter.swift */,
				033AE48929EF6F0700A45B57 /* AppState.swift */,
				0368CBD929F24A2700150929 /* ScreenState.swift */,
				031E350A29F4AA94007B49C4 /* MeshResource.swift */,
				031E350E29F4AE40007B49C4 /* MeshAction.swift */,
			);
			path = State;
			sourceTree = "<group>";
		};
		0397890029F2082F00E67E19 /* Views */ = {
			isa = PBXGroup;
			children = (
				035C38EA29EF32890035EC9A /* MeshHStack.swift */,
				035C38EC29EF32910035EC9A /* MeshVStack.swift */,
				035C38F529EF33B60035EC9A /* MeshZStack.swift */,
				033AE48429EF6AE600A45B57 /* MeshSpacer.swift */,
				035C38F729EF33DF0035EC9A /* MeshText.swift */,
				033AE48B29F05DEF00A45B57 /* MeshButton.swift */,
				033AE48D29F0B77F00A45B57 /* MeshSheet.swift */,
				039788F029F1B9E900E67E19 /* MeshTabView.swift */,
				039788F929F1CA2E00E67E19 /* MeshNavigationStack.swift */,
				039788FB29F1DD5A00E67E19 /* MeshField.swift */,
				039788FD29F1DD7400E67E19 /* MeshImage.swift */,
			);
			path = Views;
			sourceTree = "<group>";
		};
		03FEA5A629CE501800D6A75D = {
			isa = PBXGroup;
			children = (
				03FEA5B129CE501800D6A75D /* MeshApp */,
				03FEA5C229CE501900D6A75D /* MeshAppTests */,
				03FEA5CC29CE501900D6A75D /* MeshAppUITests */,
				03FEA5B029CE501800D6A75D /* Products */,
			);
			sourceTree = "<group>";
		};
		03FEA5B029CE501800D6A75D /* Products */ = {
			isa = PBXGroup;
			children = (
				03FEA5AF29CE501800D6A75D /* MeshApp.app */,
				03FEA5BF29CE501900D6A75D /* MeshAppTests.xctest */,
				03FEA5C929CE501900D6A75D /* MeshAppUITests.xctest */,
			);
			name = Products;
			sourceTree = "<group>";
		};
		03FEA5B129CE501800D6A75D /* MeshApp */ = {
			isa = PBXGroup;
			children = (
				03FEA5B229CE501800D6A75D /* MeshApp.swift */,
				031E350529F34DA7007B49C4 /* SampleData */,
				033AE48129EF4D2300A45B57 /* Mesh */,
				03FEA5B629CE501900D6A75D /* Assets.xcassets */,
			);
			path = MeshApp;
			sourceTree = "<group>";
		};
		03FEA5C229CE501900D6A75D /* MeshAppTests */ = {
			isa = PBXGroup;
			children = (
				03FEA5C329CE501900D6A75D /* MeshAppTests.swift */,
			);
			path = MeshAppTests;
			sourceTree = "<group>";
		};
		03FEA5CC29CE501900D6A75D /* MeshAppUITests */ = {
			isa = PBXGroup;
			children = (
				03FEA5CD29CE501900D6A75D /* MeshAppUITests.swift */,
				03FEA5CF29CE501900D6A75D /* MeshAppUITestsLaunchTests.swift */,
			);
			path = MeshAppUITests;
			sourceTree = "<group>";
		};
/* End PBXGroup section */

/* Begin PBXNativeTarget section */
		03FEA5AE29CE501800D6A75D /* MeshApp */ = {
			isa = PBXNativeTarget;
			buildConfigurationList = 03FEA5D329CE501900D6A75D /* Build configuration list for PBXNativeTarget "MeshApp" */;
			buildPhases = (
				03FEA5AB29CE501800D6A75D /* Sources */,
				03FEA5AC29CE501800D6A75D /* Frameworks */,
				03FEA5AD29CE501800D6A75D /* Resources */,
			);
			buildRules = (
			);
			dependencies = (
			);
			name = MeshApp;
			packageProductDependencies = (
				035C38E529EE2C210035EC9A /* Yams */,
			);
			productName = MeshApp;
			productReference = 03FEA5AF29CE501800D6A75D /* MeshApp.app */;
			productType = "com.apple.product-type.application";
		};
		03FEA5BE29CE501900D6A75D /* MeshAppTests */ = {
			isa = PBXNativeTarget;
			buildConfigurationList = 03FEA5D629CE501900D6A75D /* Build configuration list for PBXNativeTarget "MeshAppTests" */;
			buildPhases = (
				03FEA5BB29CE501900D6A75D /* Sources */,
				03FEA5BC29CE501900D6A75D /* Frameworks */,
				03FEA5BD29CE501900D6A75D /* Resources */,
			);
			buildRules = (
			);
			dependencies = (
				03FEA5C129CE501900D6A75D /* PBXTargetDependency */,
			);
			name = MeshAppTests;
			productName = MeshAppTests;
			productReference = 03FEA5BF29CE501900D6A75D /* MeshAppTests.xctest */;
			productType = "com.apple.product-type.bundle.unit-test";
		};
		03FEA5C829CE501900D6A75D /* MeshAppUITests */ = {
			isa = PBXNativeTarget;
			buildConfigurationList = 03FEA5D929CE501900D6A75D /* Build configuration list for PBXNativeTarget "MeshAppUITests" */;
			buildPhases = (
				03FEA5C529CE501900D6A75D /* Sources */,
				03FEA5C629CE501900D6A75D /* Frameworks */,
				03FEA5C729CE501900D6A75D /* Resources */,
			);
			buildRules = (
			);
			dependencies = (
				03FEA5CB29CE501900D6A75D /* PBXTargetDependency */,
			);
			name = MeshAppUITests;
			productName = MeshAppUITests;
			productReference = 03FEA5C929CE501900D6A75D /* MeshAppUITests.xctest */;
			productType = "com.apple.product-type.bundle.ui-testing";
		};
/* End PBXNativeTarget section */

/* Begin PBXProject section */
		03FEA5A729CE501800D6A75D /* Project object */ = {
			isa = PBXProject;
			attributes = {
				BuildIndependentTargetsInParallel = 1;
				LastSwiftUpdateCheck = 1420;
				LastUpgradeCheck = 1420;
				TargetAttributes = {
					03FEA5AE29CE501800D6A75D = {
						CreatedOnToolsVersion = 14.2;
					};
					03FEA5BE29CE501900D6A75D = {
						CreatedOnToolsVersion = 14.2;
						TestTargetID = 03FEA5AE29CE501800D6A75D;
					};
					03FEA5C829CE501900D6A75D = {
						CreatedOnToolsVersion = 14.2;
						TestTargetID = 03FEA5AE29CE501800D6A75D;
					};
				};
			};
			buildConfigurationList = 03FEA5AA29CE501800D6A75D /* Build configuration list for PBXProject "MeshApp" */;
			compatibilityVersion = "Xcode 14.0";
			developmentRegion = en;
			hasScannedForEncodings = 0;
			knownRegions = (
				en,
				Base,
			);
			mainGroup = 03FEA5A629CE501800D6A75D;
			packageReferences = (
				035C38E429EE2C210035EC9A /* XCRemoteSwiftPackageReference "Yams" */,
			);
			productRefGroup = 03FEA5B029CE501800D6A75D /* Products */;
			projectDirPath = "";
			projectRoot = "";
			targets = (
				03FEA5AE29CE501800D6A75D /* MeshApp */,
				03FEA5BE29CE501900D6A75D /* MeshAppTests */,
				03FEA5C829CE501900D6A75D /* MeshAppUITests */,
			);
		};
/* End PBXProject section */

/* Begin PBXResourcesBuildPhase section */
		03FEA5AD29CE501800D6A75D /* Resources */ = {
			isa = PBXResourcesBuildPhase;
			buildActionMask = 2147483647;
			files = (
				031E350D29F4AAA0007B49C4 /* Resources.yaml in Resources */,
				035C38E329EE2B9C0035EC9A /* Views.yaml in Resources */,
				03FEA5B729CE501900D6A75D /* Assets.xcassets in Resources */,
				031E350929F351C0007B49C4 /* Actions.yaml in Resources */,
			);
			runOnlyForDeploymentPostprocessing = 0;
		};
		03FEA5BD29CE501900D6A75D /* Resources */ = {
			isa = PBXResourcesBuildPhase;
			buildActionMask = 2147483647;
			files = (
			);
			runOnlyForDeploymentPostprocessing = 0;
		};
		03FEA5C729CE501900D6A75D /* Resources */ = {
			isa = PBXResourcesBuildPhase;
			buildActionMask = 2147483647;
			files = (
			);
			runOnlyForDeploymentPostprocessing = 0;
		};
/* End PBXResourcesBuildPhase section */

/* Begin PBXSourcesBuildPhase section */
		03FEA5AB29CE501800D6A75D /* Sources */ = {
			isa = PBXSourcesBuildPhase;
			buildActionMask = 2147483647;
			files = (
				039788F629F1C9B900E67E19 /* Yams+Utilities.swift in Sources */,
				039788FC29F1DD5A00E67E19 /* MeshField.swift in Sources */,
				039788FA29F1CA2E00E67E19 /* MeshNavigationStack.swift in Sources */,
				039788F329F1C96A00E67E19 /* MeshView.swift in Sources */,
				035C38F629EF33B60035EC9A /* MeshZStack.swift in Sources */,
				035C38F129EF33060035EC9A /* Parser.swift in Sources */,
				035C38F429EF333A0035EC9A /* MeshViewRegistry.swift in Sources */,
				039788F129F1B9E900E67E19 /* MeshTabView.swift in Sources */,
				031E350B29F4AA94007B49C4 /* MeshResource.swift in Sources */,
				035C38ED29EF32910035EC9A /* MeshVStack.swift in Sources */,
				039788F829F1C9C100E67E19 /* SwiftUI+Utilities.swift in Sources */,
				035C38F829EF33DF0035EC9A /* MeshText.swift in Sources */,
				033AE48E29F0B77F00A45B57 /* MeshSheet.swift in Sources */,
				0368CBD629F20F8D00150929 /* StateItem.swift in Sources */,
				031E350F29F4AE40007B49C4 /* MeshAction.swift in Sources */,
				03FEA5B329CE501800D6A75D /* MeshApp.swift in Sources */,
				039788FE29F1DD7400E67E19 /* MeshImage.swift in Sources */,
				0368CBD829F2495A00150929 /* Presenter.swift in Sources */,
				035C38EF29EF32A00035EC9A /* MeshScreen.swift in Sources */,
				033AE48A29EF6F0700A45B57 /* AppState.swift in Sources */,
				033AE48C29F05DEF00A45B57 /* MeshButton.swift in Sources */,
				0368CBDA29F24A2700150929 /* ScreenState.swift in Sources */,
				035C38EB29EF32890035EC9A /* MeshHStack.swift in Sources */,
				033AE48529EF6AE600A45B57 /* MeshSpacer.swift in Sources */,
			);
			runOnlyForDeploymentPostprocessing = 0;
		};
		03FEA5BB29CE501900D6A75D /* Sources */ = {
			isa = PBXSourcesBuildPhase;
			buildActionMask = 2147483647;
			files = (
				03FEA5C429CE501900D6A75D /* MeshAppTests.swift in Sources */,
			);
			runOnlyForDeploymentPostprocessing = 0;
		};
		03FEA5C529CE501900D6A75D /* Sources */ = {
			isa = PBXSourcesBuildPhase;
			buildActionMask = 2147483647;
			files = (
				03FEA5CE29CE501900D6A75D /* MeshAppUITests.swift in Sources */,
				03FEA5D029CE501900D6A75D /* MeshAppUITestsLaunchTests.swift in Sources */,
			);
			runOnlyForDeploymentPostprocessing = 0;
		};
/* End PBXSourcesBuildPhase section */

/* Begin PBXTargetDependency section */
		03FEA5C129CE501900D6A75D /* PBXTargetDependency */ = {
			isa = PBXTargetDependency;
			target = 03FEA5AE29CE501800D6A75D /* MeshApp */;
			targetProxy = 03FEA5C029CE501900D6A75D /* PBXContainerItemProxy */;
		};
		03FEA5CB29CE501900D6A75D /* PBXTargetDependency */ = {
			isa = PBXTargetDependency;
			target = 03FEA5AE29CE501800D6A75D /* MeshApp */;
			targetProxy = 03FEA5CA29CE501900D6A75D /* PBXContainerItemProxy */;
		};
/* End PBXTargetDependency section */

/* Begin XCBuildConfiguration section */
		03FEA5D129CE501900D6A75D /* Debug */ = {
			isa = XCBuildConfiguration;
			buildSettings = {
				ALWAYS_SEARCH_USER_PATHS = NO;
				CLANG_ANALYZER_NONNULL = YES;
				CLANG_ANALYZER_NUMBER_OBJECT_CONVERSION = YES_AGGRESSIVE;
				CLANG_CXX_LANGUAGE_STANDARD = "gnu++20";
				CLANG_ENABLE_MODULES = YES;
				CLANG_ENABLE_OBJC_ARC = YES;
				CLANG_ENABLE_OBJC_WEAK = YES;
				CLANG_WARN_BLOCK_CAPTURE_AUTORELEASING = YES;
				CLANG_WARN_BOOL_CONVERSION = YES;
				CLANG_WARN_COMMA = YES;
				CLANG_WARN_CONSTANT_CONVERSION = YES;
				CLANG_WARN_DEPRECATED_OBJC_IMPLEMENTATIONS = YES;
				CLANG_WARN_DIRECT_OBJC_ISA_USAGE = YES_ERROR;
				CLANG_WARN_DOCUMENTATION_COMMENTS = YES;
				CLANG_WARN_EMPTY_BODY = YES;
				CLANG_WARN_ENUM_CONVERSION = YES;
				CLANG_WARN_INFINITE_RECURSION = YES;
				CLANG_WARN_INT_CONVERSION = YES;
				CLANG_WARN_NON_LITERAL_NULL_CONVERSION = YES;
				CLANG_WARN_OBJC_IMPLICIT_RETAIN_SELF = YES;
				CLANG_WARN_OBJC_LITERAL_CONVERSION = YES;
				CLANG_WARN_OBJC_ROOT_CLASS = YES_ERROR;
				CLANG_WARN_QUOTED_INCLUDE_IN_FRAMEWORK_HEADER = YES;
				CLANG_WARN_RANGE_LOOP_ANALYSIS = YES;
				CLANG_WARN_STRICT_PROTOTYPES = YES;
				CLANG_WARN_SUSPICIOUS_MOVE = YES;
				CLANG_WARN_UNGUARDED_AVAILABILITY = YES_AGGRESSIVE;
				CLANG_WARN_UNREACHABLE_CODE = YES;
				CLANG_WARN__DUPLICATE_METHOD_MATCH = YES;
				COPY_PHASE_STRIP = NO;
				DEBUG_INFORMATION_FORMAT = dwarf;
				ENABLE_STRICT_OBJC_MSGSEND = YES;
				ENABLE_TESTABILITY = YES;
				GCC_C_LANGUAGE_STANDARD = gnu11;
				GCC_DYNAMIC_NO_PIC = NO;
				GCC_NO_COMMON_BLOCKS = YES;
				GCC_OPTIMIZATION_LEVEL = 0;
				GCC_PREPROCESSOR_DEFINITIONS = (
					"DEBUG=1",
					"$(inherited)",
				);
				GCC_WARN_64_TO_32_BIT_CONVERSION = YES;
				GCC_WARN_ABOUT_RETURN_TYPE = YES_ERROR;
				GCC_WARN_UNDECLARED_SELECTOR = YES;
				GCC_WARN_UNINITIALIZED_AUTOS = YES_AGGRESSIVE;
				GCC_WARN_UNUSED_FUNCTION = YES;
				GCC_WARN_UNUSED_VARIABLE = YES;
				IPHONEOS_DEPLOYMENT_TARGET = 16.2;
				MTL_ENABLE_DEBUG_INFO = INCLUDE_SOURCE;
				MTL_FAST_MATH = YES;
				ONLY_ACTIVE_ARCH = YES;
				SDKROOT = iphoneos;
				SWIFT_ACTIVE_COMPILATION_CONDITIONS = DEBUG;
				SWIFT_OPTIMIZATION_LEVEL = "-Onone";
			};
			name = Debug;
		};
		03FEA5D229CE501900D6A75D /* Release */ = {
			isa = XCBuildConfiguration;
			buildSettings = {
				ALWAYS_SEARCH_USER_PATHS = NO;
				CLANG_ANALYZER_NONNULL = YES;
				CLANG_ANALYZER_NUMBER_OBJECT_CONVERSION = YES_AGGRESSIVE;
				CLANG_CXX_LANGUAGE_STANDARD = "gnu++20";
				CLANG_ENABLE_MODULES = YES;
				CLANG_ENABLE_OBJC_ARC = YES;
				CLANG_ENABLE_OBJC_WEAK = YES;
				CLANG_WARN_BLOCK_CAPTURE_AUTORELEASING = YES;
				CLANG_WARN_BOOL_CONVERSION = YES;
				CLANG_WARN_COMMA = YES;
				CLANG_WARN_CONSTANT_CONVERSION = YES;
				CLANG_WARN_DEPRECATED_OBJC_IMPLEMENTATIONS = YES;
				CLANG_WARN_DIRECT_OBJC_ISA_USAGE = YES_ERROR;
				CLANG_WARN_DOCUMENTATION_COMMENTS = YES;
				CLANG_WARN_EMPTY_BODY = YES;
				CLANG_WARN_ENUM_CONVERSION = YES;
				CLANG_WARN_INFINITE_RECURSION = YES;
				CLANG_WARN_INT_CONVERSION = YES;
				CLANG_WARN_NON_LITERAL_NULL_CONVERSION = YES;
				CLANG_WARN_OBJC_IMPLICIT_RETAIN_SELF = YES;
				CLANG_WARN_OBJC_LITERAL_CONVERSION = YES;
				CLANG_WARN_OBJC_ROOT_CLASS = YES_ERROR;
				CLANG_WARN_QUOTED_INCLUDE_IN_FRAMEWORK_HEADER = YES;
				CLANG_WARN_RANGE_LOOP_ANALYSIS = YES;
				CLANG_WARN_STRICT_PROTOTYPES = YES;
				CLANG_WARN_SUSPICIOUS_MOVE = YES;
				CLANG_WARN_UNGUARDED_AVAILABILITY = YES_AGGRESSIVE;
				CLANG_WARN_UNREACHABLE_CODE = YES;
				CLANG_WARN__DUPLICATE_METHOD_MATCH = YES;
				COPY_PHASE_STRIP = NO;
				DEBUG_INFORMATION_FORMAT = "dwarf-with-dsym";
				ENABLE_NS_ASSERTIONS = NO;
				ENABLE_STRICT_OBJC_MSGSEND = YES;
				GCC_C_LANGUAGE_STANDARD = gnu11;
				GCC_NO_COMMON_BLOCKS = YES;
				GCC_WARN_64_TO_32_BIT_CONVERSION = YES;
				GCC_WARN_ABOUT_RETURN_TYPE = YES_ERROR;
				GCC_WARN_UNDECLARED_SELECTOR = YES;
				GCC_WARN_UNINITIALIZED_AUTOS = YES_AGGRESSIVE;
				GCC_WARN_UNUSED_FUNCTION = YES;
				GCC_WARN_UNUSED_VARIABLE = YES;
				IPHONEOS_DEPLOYMENT_TARGET = 16.2;
				MTL_ENABLE_DEBUG_INFO = NO;
				MTL_FAST_MATH = YES;
				SDKROOT = iphoneos;
				SWIFT_COMPILATION_MODE = wholemodule;
				SWIFT_OPTIMIZATION_LEVEL = "-O";
				VALIDATE_PRODUCT = YES;
			};
			name = Release;
		};
		03FEA5D429CE501900D6A75D /* Debug */ = {
			isa = XCBuildConfiguration;
			buildSettings = {
				ASSETCATALOG_COMPILER_APPICON_NAME = AppIcon;
				ASSETCATALOG_COMPILER_GLOBAL_ACCENT_COLOR_NAME = AccentColor;
				CODE_SIGN_STYLE = Automatic;
				CURRENT_PROJECT_VERSION = 1;
				DEVELOPMENT_TEAM = 7943G7Y9QA;
				ENABLE_PREVIEWS = YES;
				GENERATE_INFOPLIST_FILE = YES;
				INFOPLIST_KEY_UIApplicationSceneManifest_Generation = YES;
				INFOPLIST_KEY_UIApplicationSupportsIndirectInputEvents = YES;
				INFOPLIST_KEY_UILaunchScreen_Generation = YES;
				INFOPLIST_KEY_UISupportedInterfaceOrientations_iPad = "UIInterfaceOrientationPortrait UIInterfaceOrientationPortraitUpsideDown UIInterfaceOrientationLandscapeLeft UIInterfaceOrientationLandscapeRight";
				INFOPLIST_KEY_UISupportedInterfaceOrientations_iPhone = "UIInterfaceOrientationPortrait UIInterfaceOrientationLandscapeLeft UIInterfaceOrientationLandscapeRight";
				LD_RUNPATH_SEARCH_PATHS = (
					"$(inherited)",
					"@executable_path/Frameworks",
				);
				MARKETING_VERSION = 1.0;
				PRODUCT_BUNDLE_IDENTIFIER = com.withapollo.MeshApp;
				PRODUCT_NAME = "$(TARGET_NAME)";
				SWIFT_EMIT_LOC_STRINGS = YES;
				SWIFT_VERSION = 5.0;
				TARGETED_DEVICE_FAMILY = "1,2";
			};
			name = Debug;
		};
		03FEA5D529CE501900D6A75D /* Release */ = {
			isa = XCBuildConfiguration;
			buildSettings = {
				ASSETCATALOG_COMPILER_APPICON_NAME = AppIcon;
				ASSETCATALOG_COMPILER_GLOBAL_ACCENT_COLOR_NAME = AccentColor;
				CODE_SIGN_STYLE = Automatic;
				CURRENT_PROJECT_VERSION = 1;
				DEVELOPMENT_TEAM = 7943G7Y9QA;
				ENABLE_PREVIEWS = YES;
				GENERATE_INFOPLIST_FILE = YES;
				INFOPLIST_KEY_UIApplicationSceneManifest_Generation = YES;
				INFOPLIST_KEY_UIApplicationSupportsIndirectInputEvents = YES;
				INFOPLIST_KEY_UILaunchScreen_Generation = YES;
				INFOPLIST_KEY_UISupportedInterfaceOrientations_iPad = "UIInterfaceOrientationPortrait UIInterfaceOrientationPortraitUpsideDown UIInterfaceOrientationLandscapeLeft UIInterfaceOrientationLandscapeRight";
				INFOPLIST_KEY_UISupportedInterfaceOrientations_iPhone = "UIInterfaceOrientationPortrait UIInterfaceOrientationLandscapeLeft UIInterfaceOrientationLandscapeRight";
				LD_RUNPATH_SEARCH_PATHS = (
					"$(inherited)",
					"@executable_path/Frameworks",
				);
				MARKETING_VERSION = 1.0;
				PRODUCT_BUNDLE_IDENTIFIER = com.withapollo.MeshApp;
				PRODUCT_NAME = "$(TARGET_NAME)";
				SWIFT_EMIT_LOC_STRINGS = YES;
				SWIFT_VERSION = 5.0;
				TARGETED_DEVICE_FAMILY = "1,2";
			};
			name = Release;
		};
		03FEA5D729CE501900D6A75D /* Debug */ = {
			isa = XCBuildConfiguration;
			buildSettings = {
				ALWAYS_EMBED_SWIFT_STANDARD_LIBRARIES = YES;
				BUNDLE_LOADER = "$(TEST_HOST)";
				CODE_SIGN_STYLE = Automatic;
				CURRENT_PROJECT_VERSION = 1;
				DEVELOPMENT_TEAM = 7943G7Y9QA;
				GENERATE_INFOPLIST_FILE = YES;
				IPHONEOS_DEPLOYMENT_TARGET = 16.2;
				MARKETING_VERSION = 1.0;
				PRODUCT_BUNDLE_IDENTIFIER = com.withapollo.MeshAppTests;
				PRODUCT_NAME = "$(TARGET_NAME)";
				SWIFT_EMIT_LOC_STRINGS = NO;
				SWIFT_VERSION = 5.0;
				TARGETED_DEVICE_FAMILY = "1,2";
				TEST_HOST = "$(BUILT_PRODUCTS_DIR)/MeshApp.app/$(BUNDLE_EXECUTABLE_FOLDER_PATH)/MeshApp";
			};
			name = Debug;
		};
		03FEA5D829CE501900D6A75D /* Release */ = {
			isa = XCBuildConfiguration;
			buildSettings = {
				ALWAYS_EMBED_SWIFT_STANDARD_LIBRARIES = YES;
				BUNDLE_LOADER = "$(TEST_HOST)";
				CODE_SIGN_STYLE = Automatic;
				CURRENT_PROJECT_VERSION = 1;
				DEVELOPMENT_TEAM = 7943G7Y9QA;
				GENERATE_INFOPLIST_FILE = YES;
				IPHONEOS_DEPLOYMENT_TARGET = 16.2;
				MARKETING_VERSION = 1.0;
				PRODUCT_BUNDLE_IDENTIFIER = com.withapollo.MeshAppTests;
				PRODUCT_NAME = "$(TARGET_NAME)";
				SWIFT_EMIT_LOC_STRINGS = NO;
				SWIFT_VERSION = 5.0;
				TARGETED_DEVICE_FAMILY = "1,2";
				TEST_HOST = "$(BUILT_PRODUCTS_DIR)/MeshApp.app/$(BUNDLE_EXECUTABLE_FOLDER_PATH)/MeshApp";
			};
			name = Release;
		};
		03FEA5DA29CE501900D6A75D /* Debug */ = {
			isa = XCBuildConfiguration;
			buildSettings = {
				ALWAYS_EMBED_SWIFT_STANDARD_LIBRARIES = YES;
				CODE_SIGN_STYLE = Automatic;
				CURRENT_PROJECT_VERSION = 1;
				DEVELOPMENT_TEAM = 7943G7Y9QA;
				GENERATE_INFOPLIST_FILE = YES;
				MARKETING_VERSION = 1.0;
				PRODUCT_BUNDLE_IDENTIFIER = com.withapollo.MeshAppUITests;
				PRODUCT_NAME = "$(TARGET_NAME)";
				SWIFT_EMIT_LOC_STRINGS = NO;
				SWIFT_VERSION = 5.0;
				TARGETED_DEVICE_FAMILY = "1,2";
				TEST_TARGET_NAME = MeshApp;
			};
			name = Debug;
		};
		03FEA5DB29CE501900D6A75D /* Release */ = {
			isa = XCBuildConfiguration;
			buildSettings = {
				ALWAYS_EMBED_SWIFT_STANDARD_LIBRARIES = YES;
				CODE_SIGN_STYLE = Automatic;
				CURRENT_PROJECT_VERSION = 1;
				DEVELOPMENT_TEAM = 7943G7Y9QA;
				GENERATE_INFOPLIST_FILE = YES;
				MARKETING_VERSION = 1.0;
				PRODUCT_BUNDLE_IDENTIFIER = com.withapollo.MeshAppUITests;
				PRODUCT_NAME = "$(TARGET_NAME)";
				SWIFT_EMIT_LOC_STRINGS = NO;
				SWIFT_VERSION = 5.0;
				TARGETED_DEVICE_FAMILY = "1,2";
				TEST_TARGET_NAME = MeshApp;
			};
			name = Release;
		};
/* End XCBuildConfiguration section */

/* Begin XCConfigurationList section */
		03FEA5AA29CE501800D6A75D /* Build configuration list for PBXProject "MeshApp" */ = {
			isa = XCConfigurationList;
			buildConfigurations = (
				03FEA5D129CE501900D6A75D /* Debug */,
				03FEA5D229CE501900D6A75D /* Release */,
			);
			defaultConfigurationIsVisible = 0;
			defaultConfigurationName = Release;
		};
		03FEA5D329CE501900D6A75D /* Build configuration list for PBXNativeTarget "MeshApp" */ = {
			isa = XCConfigurationList;
			buildConfigurations = (
				03FEA5D429CE501900D6A75D /* Debug */,
				03FEA5D529CE501900D6A75D /* Release */,
			);
			defaultConfigurationIsVisible = 0;
			defaultConfigurationName = Release;
		};
		03FEA5D629CE501900D6A75D /* Build configuration list for PBXNativeTarget "MeshAppTests" */ = {
			isa = XCConfigurationList;
			buildConfigurations = (
				03FEA5D729CE501900D6A75D /* Debug */,
				03FEA5D829CE501900D6A75D /* Release */,
			);
			defaultConfigurationIsVisible = 0;
			defaultConfigurationName = Release;
		};
		03FEA5D929CE501900D6A75D /* Build configuration list for PBXNativeTarget "MeshAppUITests" */ = {
			isa = XCConfigurationList;
			buildConfigurations = (
				03FEA5DA29CE501900D6A75D /* Debug */,
				03FEA5DB29CE501900D6A75D /* Release */,
			);
			defaultConfigurationIsVisible = 0;
			defaultConfigurationName = Release;
		};
/* End XCConfigurationList section */

/* Begin XCRemoteSwiftPackageReference section */
		035C38E429EE2C210035EC9A /* XCRemoteSwiftPackageReference "Yams" */ = {
			isa = XCRemoteSwiftPackageReference;
			repositoryURL = "https://github.com/jpsim/Yams";
			requirement = {
				kind = upToNextMajorVersion;
				minimumVersion = 5.0.0;
			};
		};
/* End XCRemoteSwiftPackageReference section */

/* Begin XCSwiftPackageProductDependency section */
		035C38E529EE2C210035EC9A /* Yams */ = {
			isa = XCSwiftPackageProductDependency;
			package = 035C38E429EE2C210035EC9A /* XCRemoteSwiftPackageReference "Yams" */;
			productName = Yams;
		};
/* End XCSwiftPackageProductDependency section */
	};
	rootObject = 03FEA5A729CE501800D6A75D /* Project object */;
}
